<?xml version="1.0" encoding="utf-8"?>
<Project ToolsVersion="4.0" xmlns="http://schemas.microsoft.com/developer/msbuild/2003">
  <ItemGroup>
    <Filter Include="Source Files">
      <UniqueIdentifier>{4FC737F1-C7A5-4376-A066-2A32D752A2FF}</UniqueIdentifier>
      <Extensions>cpp;c;cc;cxx;c++;cppm;ixx;def;odl;idl;hpj;bat;asm;asmx</Extensions>
    </Filter>
    <Filter Include="Header Files">
      <UniqueIdentifier>{93995380-89BD-4b04-88EB-625FBE52EBFB}</UniqueIdentifier>
      <Extensions>h;hh;hpp;hxx;h++;hm;inl;inc;ipp;xsd</Extensions>
    </Filter>
    <Filter Include="Resource Files">
      <UniqueIdentifier>{67DA6AB6-F800-4c08-8B7A-83BB121AAD01}</UniqueIdentifier>
      <Extensions>rc;ico;cur;bmp;dlg;rc2;rct;bin;rgs;gif;jpg;jpeg;jpe;resx;tiff;tif;png;wav;mfcribbon-ms</Extensions>
    </Filter>
  </ItemGroup>
  <ItemGroup>
    <ClInclude Include="Source\Creational\AbstractFactory\Public\AbstractFactoryClientApp.h">
      <Filter>Header Files</Filter>
    </ClInclude>
    <ClInclude Include="Source\ForTests.h">
      <Filter>Header Files</Filter>
    </ClInclude>
    <ClInclude Include="Source\Creational\Singleton\Public\Singleton.h">
      <Filter>Header Files</Filter>
    </ClInclude>
    <ClInclude Include="Source\Creational\Builder\Public\BuilderClientApp.h">
      <Filter>Header Files</Filter>
    </ClInclude>
    <ClInclude Include="Source\Creational\Builder\Public\StringDirector.h">
      <Filter>Header Files</Filter>
    </ClInclude>
    <ClInclude Include="Source\Creational\Builder\Public\StringBuilder.h">
      <Filter>Header Files</Filter>
    </ClInclude>
    <ClInclude Include="Source\Creational\FactoryMethod\Public\FactoryMethod.h">
      <Filter>Header Files</Filter>
    </ClInclude>
    <ClInclude Include="Source\Creational\FactoryMethod\Public\Farm.h">
      <Filter>Header Files</Filter>
    </ClInclude>
    <ClInclude Include="Source\Creational\FactoryMethod\Public\FactoryMethodClientApp.h">
      <Filter>Header Files</Filter>
    </ClInclude>
    <ClInclude Include="Source\Creational\Prototype\Public\Registry.h">
      <Filter>Header Files</Filter>
    </ClInclude>
    <ClInclude Include="Source\Creational\Prototype\Public\Planet.h">
      <Filter>Header Files</Filter>
    </ClInclude>
    <ClInclude Include="Source\Creational\Prototype\Public\PrototypeClientApp.h">
      <Filter>Header Files</Filter>
    </ClInclude>
    <ClInclude Include="Source\Structural\Adapter\Public\AdapterClientApp.h">
      <Filter>Header Files</Filter>
    </ClInclude>
    <ClInclude Include="Source\Structural\Adapter\Public\Socket.h">
      <Filter>Header Files</Filter>
    </ClInclude>
    <ClInclude Include="Source\Structural\Adapter\Public\Devices.h">
      <Filter>Header Files</Filter>
    </ClInclude>
    <ClInclude Include="Source\Structural\Adapter\Public\EuropeUSAAdapter.h">
      <Filter>Header Files</Filter>
    </ClInclude>
    <ClInclude Include="Source\Structural\Adapter\Public\Adapter.h">
      <Filter>Header Files</Filter>
    </ClInclude>
    <ClInclude Include="Source\Structural\Bridge\Public\BridgeClientApp.h">
      <Filter>Header Files</Filter>
    </ClInclude>
    <ClInclude Include="Source\Structural\Bridge\Public\TrafficBase.h">
      <Filter>Header Files</Filter>
    </ClInclude>
    <ClInclude Include="Source\Structural\Bridge\Public\BrigdeBase.h">
      <Filter>Header Files</Filter>
    </ClInclude>
    <ClInclude Include="Source\Structural\Composer\Public\ComposerClientApp.h">
      <Filter>Header Files</Filter>
    </ClInclude>
    <ClInclude Include="Source\Structural\Composer\Public\Company.h">
      <Filter>Header Files</Filter>
    </ClInclude>
    <ClInclude Include="Source\Structural\Decorator\Public\Clothing.h">
      <Filter>Header Files</Filter>
    </ClInclude>
    <ClInclude Include="Source\Structural\Decorator\Public\DecoratorClientApp.h">
      <Filter>Header Files</Filter>
    </ClInclude>
    <ClInclude Include="Source\Structural\Facade\Public\Facade.ClientApp.h">
      <Filter>Header Files</Filter>
    </ClInclude>
    <ClInclude Include="Source\Structural\Facade\Public\System.h">
      <Filter>Header Files</Filter>
    </ClInclude>
    <ClInclude Include="Source\Structural\Flyweight\Public\FlyweightClientApp.h">
      <Filter>Header Files</Filter>
    </ClInclude>
    <ClInclude Include="Source\Structural\Flyweight\Public\Flyweight.h">
      <Filter>Header Files</Filter>
    </ClInclude>
    <ClInclude Include="Source\Structural\Proxy\Public\ProxyClientApp.h">
      <Filter>Header Files</Filter>
    </ClInclude>
    <ClInclude Include="Source\Structural\Proxy\Public\Proxy.h">
      <Filter>Header Files</Filter>
    </ClInclude>
    <ClInclude Include="Source\Behavioral\ChainOfResponsibility\Public\ChainOfResponsibilityClientApp.h">
      <Filter>Header Files</Filter>
    </ClInclude>
    <ClInclude Include="Source\Behavioral\ChainOfResponsibility\Public\ChainOfResponsibility.h">
      <Filter>Header Files</Filter>
    </ClInclude>
    <ClInclude Include="Source\Creational\AbstractFactory\Public\AbstractFactory.h">
      <Filter>Header Files</Filter>
    </ClInclude>
    <ClInclude Include="Source\Behavioral\Command\Public\CommandClientApp.h">
      <Filter>Header Files</Filter>
    </ClInclude>
    <ClInclude Include="Source\Behavioral\Command\Public\Command.h">
      <Filter>Header Files</Filter>
    </ClInclude>
    <ClInclude Include="Source\Behavioral\Command\Public\ButtonWithCommand.h">
      <Filter>Header Files</Filter>
    </ClInclude>
    <ClInclude Include="Source\Creational\FactoryMethod\Public\FarmCreators.h">
      <Filter>Header Files</Filter>
    </ClInclude>
    <ClInclude Include="Source\Behavioral\Interpreter\Public\Interpreter.h">
      <Filter>Header Files</Filter>
    </ClInclude>
    <ClInclude Include="Source\Behavioral\Interpreter\Public\InterpreterClientApp.h">
      <Filter>Header Files</Filter>
    </ClInclude>
    <ClInclude Include="Source\Behavioral\Interpreter\Public\Context.h">
      <Filter>Header Files</Filter>
    </ClInclude>
    <ClInclude Include="Source\Behavioral\Iterator\Public\IteratorClientApp.h">
      <Filter>Header Files</Filter>
    </ClInclude>
    <ClInclude Include="Source\Behavioral\Iterator\Public\Iterator.h">
      <Filter>Header Files</Filter>
    </ClInclude>
    <ClInclude Include="Source\Behavioral\Mediator\Public\MediatorClientApp.h">
      <Filter>Header Files</Filter>
    </ClInclude>
    <ClInclude Include="Source\Behavioral\Mediator\Public\Mediator.h">
      <Filter>Header Files</Filter>
    </ClInclude>
    <ClInclude Include="Source\Behavioral\Mediator\Public\ConcreteClasses.h">
      <Filter>Header Files</Filter>
    </ClInclude>
    <ClInclude Include="Source\Behavioral\Memento\Public\MementoClientApp.h">
      <Filter>Header Files</Filter>
    </ClInclude>
    <ClInclude Include="Source\Behavioral\Memento\Public\Memento.h">
      <Filter>Header Files</Filter>
    </ClInclude>
    <ClInclude Include="Source\Behavioral\Observer\Public\ObserverClientApp.h">
      <Filter>Header Files</Filter>
    </ClInclude>
    <ClInclude Include="Source\Behavioral\Observer\Public\Observer.h">
      <Filter>Header Files</Filter>
    </ClInclude>
    <ClInclude Include="Source\Helpers.h">
      <Filter>Header Files</Filter>
    </ClInclude>
    <ClInclude Include="Source\Behavioral\State\Public\State.h">
      <Filter>Header Files</Filter>
    </ClInclude>
    <ClInclude Include="Source\Behavioral\State\Public\StateClientApp.h">
      <Filter>Header Files</Filter>
    </ClInclude>
    <ClInclude Include="Source\Behavioral\State\Public\TrafficLight.h">
      <Filter>Header Files</Filter>
    </ClInclude>
    <ClInclude Include="Source\Behavioral\Strategy\Public\StrategyClientApp.h">
      <Filter>Header Files</Filter>
    </ClInclude>
    <ClInclude Include="Source\Behavioral\Strategy\Public\Strategy.h">
      <Filter>Header Files</Filter>
    </ClInclude>
    <ClInclude Include="Source\Behavioral\Strategy\Public\StrategyContext.h">
      <Filter>Header Files</Filter>
    </ClInclude>
    <ClInclude Include="Source\Behavioral\TemplatedMethod\Public\TemplatedMethodClientApp.h">
      <Filter>Header Files</Filter>
    </ClInclude>
    <ClInclude Include="Source\Behavioral\TemplatedMethod\Public\TemplatedMethod.h">
      <Filter>Header Files</Filter>
    </ClInclude>
    <ClInclude Include="Source\Behavioral\Visitor\Public\VisitorClientApp.h">
      <Filter>Header Files</Filter>
    </ClInclude>
    <ClInclude Include="Source\Behavioral\Visitor\Public\Visitor.h">
      <Filter>Header Files</Filter>
    </ClInclude>
    <ClInclude Include="Source\Behavioral\Visitor\Public\VisitorElement.h">
      <Filter>Header Files</Filter>
    </ClInclude>
  </ItemGroup>
  <ItemGroup>
    <ClCompile Include="Source\main.cpp">
      <Filter>Source Files</Filter>
    </ClCompile>
    <ClCompile Include="Source\ForTests.cpp">
      <Filter>Source Files</Filter>
    </ClCompile>
    <ClCompile Include="Source\Creational\Builder\Private\StringDirector.cpp">
      <Filter>Source Files</Filter>
    </ClCompile>
    <ClCompile Include="Source\Creational\Builder\Private\StringBuilder.cpp">
      <Filter>Source Files</Filter>
    </ClCompile>
    <ClCompile Include="Source\Creational\FactoryMethod\Private\Farm.cpp">
      <Filter>Source Files</Filter>
    </ClCompile>
    <ClCompile Include="Source\Creational\Prototype\Private\Registry.cpp">
      <Filter>Source Files</Filter>
    </ClCompile>
    <ClCompile Include="Source\Creational\Prototype\Private\Planet.cpp">
      <Filter>Source Files</Filter>
    </ClCompile>
    <ClCompile Include="Source\Creational\FactoryMethod\Private\FarmCreators.cpp">
      <Filter>Source Files</Filter>
    </ClCompile>
    <ClCompile Include="Source\Behavioral\Interpreter\Private\Context.cpp">
      <Filter>Source Files</Filter>
    </ClCompile>
    <ClCompile Include="Source\Behavioral\Interpreter\Private\Interpreter.cpp">
      <Filter>Source Files</Filter>
    </ClCompile>
    <ClCompile Include="Source\Behavioral\State\Private\TrafficLight.cpp">
      <Filter>Source Files</Filter>
    </ClCompile>
    <ClCompile Include="Source\Behavioral\State\Private\State.cpp">
      <Filter>Source Files</Filter>
    </ClCompile>
    <ClCompile Include="Source\Helpers.cpp">
      <Filter>Source Files</Filter>
    </ClCompile>
    <ClCompile Include="Source\Behavioral\Visitor\Private\Visitor.cpp">
      <Filter>Source Files</Filter>
    </ClCompile>
    <ClCompile Include="Source\Behavioral\Visitor\Private\VisitorElement.cpp">
      <Filter>Source Files</Filter>
    </ClCompile>
  </ItemGroup>
</Project>